<?xml version="1.0" encoding="UTF-8" standalone="yes" ?>
<CodeBlocks_project_file>
	<FileVersion major="1" minor="6" />
	<Project>
		<Option title="ADAL_4thSem" />
		<Option pch_mode="2" />
		<Option compiler="gcc" />
		<Build>
			<Target title="Debug">
				<Option output="bin/Debug/ADAL_4thSem" prefix_auto="1" extension_auto="1" />
				<Option object_output="obj/Debug/" />
				<Option type="1" />
				<Option compiler="gcc" />
				<Compiler>
					<Add option="-g" />
				</Compiler>
			</Target>
			<Target title="Release">
				<Option output="bin/Release/ADAL_4thSem" prefix_auto="1" extension_auto="1" />
				<Option object_output="obj/Release/" />
				<Option type="1" />
				<Option compiler="gcc" />
				<Compiler>
					<Add option="-O2" />
				</Compiler>
				<Linker>
					<Add option="-s" />
				</Linker>
			</Target>
		</Build>
		<Compiler>
			<Add option="-Wall" />
			<Add option="-fexceptions" />
		</Compiler>
		<Unit filename="001a.cpp">
			<Option compile="0" />
			<Option link="0" />
		</Unit>
		<Unit filename="001b.cpp">
			<Option compile="0" />
			<Option link="0" />
		</Unit>
		<Unit filename="002.cpp">
			<Option compile="0" />
			<Option link="0" />
		</Unit>
		<Unit filename="003.cpp">
			<Option compile="0" />
			<Option link="0" />
		</Unit>
		<Unit filename="004a.cpp">
			<Option compile="0" />
			<Option link="0" />
		</Unit>
		<Unit filename="004b.cpp">
			<Option compile="0" />
			<Option link="0" />
		</Unit>
		<Unit filename="005a.cpp">
			<Option compile="0" />
			<Option link="0" />
		</Unit>
		<Unit filename="005b.cpp">
			<Option compile="0" />
			<Option link="0" />
		</Unit>
		<Unit filename="006.cpp">
			<Option compile="0" />
			<Option link="0" />
		</Unit>
		<Unit filename="007a.cpp">
			<Option compile="0" />
			<Option link="0" />
		</Unit>
		<Unit filename="007b.cpp">
			<Option compile="0" />
			<Option link="0" />
		</Unit>
		<Unit filename="008.cpp">
			<Option compile="0" />
			<Option link="0" />
		</Unit>
		<Unit filename="009a.cpp">
			<Option compile="0" />
			<Option link="0" />
		</Unit>
		<Unit filename="009b.cpp">
			<Option compile="0" />
			<Option link="0" />
		</Unit>
		<Unit filename="010a.cpp">
			<Option compile="0" />
			<Option link="0" />
		</Unit>
		<Unit filename="010b.cpp" />
		<Unit filename="011.cpp">
			<Option compile="0" />
			<Option link="0" />
		</Unit>
		<Unit filename="012.cpp">
			<Option compile="0" />
			<Option link="0" />
		</Unit>
		<Unit filename="013.cpp">
			<Option compile="0" />
			<Option link="0" />
		</Unit>
		<Unit filename="014.cpp">
			<Option compile="0" />
			<Option link="0" />
		</Unit>
		<Unit filename="015.cpp">
			<Option compile="0" />
			<Option link="0" />
		</Unit>
		<Extensions>
			<lib_finder disable_auto="1" />
		</Extensions>
	</Project>
</CodeBlocks_project_file>
